{
  "name": "playground",
  "version": "1.0.0",
  "lockfileVersion": 1,
  "requires": true,
  "dependencies": {
    "@types/systemjs": {
      "version": "0.20.6",
      "resolved": "https://registry.npmjs.org/@types/systemjs/-/systemjs-0.20.6.tgz",
      "integrity": "sha512-p3yv9sBBJXi3noUG216BpUI7VtVBUAvBIfZNTiDROUY31YBfsFHM4DreS7XMekN8IjtX0ysvCnm6r3WnirnNeA=="
    },
    "box2d.ts": {
      "version": "1.0.2",
      "resolved": "https://registry.npmjs.org/box2d.ts/-/box2d.ts-1.0.2.tgz",
      "integrity": "sha512-WRBTqXLXZlTQ+bcmOqjPPISm6c8mYaKFrF2dU4CxaYWk0wdXb7MVU+oXNanK3iSLx1wz6Kf0cR/Ct2WijLfBJg==",
      "requires": {
        "@types/systemjs": "^0.20.6"
      }
    }
  }
}
